
Microsoft Visual Studio Solution File, Format Version 12.00
# Visual Studio 15
VisualStudioVersion = 15.0.28307.1022
MinimumVisualStudioVersion = 10.0.40219.1
Project("{8BC9CEB8-8B4A-11D0-8D11-00A0C91BC942}") = "distance_3D_v1", "distance_3D_v1\distance_3D_v1.vcxproj", "{F6830CFC-8DB4-4BA0-AAA3-4905109839FB}"
EndProject
Global
	GlobalSection(SolutionConfigurationPlatforms) = preSolution
		Debug|x64 = Debug|x64
		Release|x64 = Release|x64
	EndGlobalSection
	GlobalSection(ProjectConfigurationPlatforms) = postSolution
		{F6830CFC-8DB4-4BA0-AAA3-4905109839FB}.Debug|x64.ActiveCfg = Debug|x64
		{F6830CFC-8DB4-4BA0-AAA3-4905109839FB}.Debug|x64.Build.0 = Debug|x64
		{F6830CFC-8DB4-4BA0-AAA3-4905109839FB}.Release|x64.ActiveCfg = Release|x64
		{F6830CFC-8DB4-4BA0-AAA3-4905109839FB}.Release|x64.Build.0 = Release|x64
	EndGlobalSection
	GlobalSection(SolutionProperties) = preSolution
		HideSolutionNode = FALSE
	EndGlobalSection
	GlobalSection(ExtensibilityGlobals) = postSolution
		SolutionGuid = {DE847882-B10C-4771-B332-C452C4B1644F}
	EndGlobalSection
EndGlobal
