
Microsoft Visual Studio Solution File, Format Version 12.00
# Visual Studio 15
VisualStudioVersion = 15.0.28307.852
MinimumVisualStudioVersion = 10.0.40219.1
Project("{8BC9CEB8-8B4A-11D0-8D11-00A0C91BC942}") = "read_mat_plot", "read_mat_plot\read_mat_plot.vcxproj", "{F3AC72E8-2017-4989-9717-0F70B67998CB}"
EndProject
Global
	GlobalSection(SolutionConfigurationPlatforms) = preSolution
		Debug|x64 = Debug|x64
		Release|x64 = Release|x64
	EndGlobalSection
	GlobalSection(ProjectConfigurationPlatforms) = postSolution
		{F3AC72E8-2017-4989-9717-0F70B67998CB}.Debug|x64.ActiveCfg = Debug|x64
		{F3AC72E8-2017-4989-9717-0F70B67998CB}.Debug|x64.Build.0 = Debug|x64
		{F3AC72E8-2017-4989-9717-0F70B67998CB}.Release|x64.ActiveCfg = Release|x64
		{F3AC72E8-2017-4989-9717-0F70B67998CB}.Release|x64.Build.0 = Release|x64
	EndGlobalSection
	GlobalSection(SolutionProperties) = preSolution
		HideSolutionNode = FALSE
	EndGlobalSection
	GlobalSection(ExtensibilityGlobals) = postSolution
		SolutionGuid = {5C8F456B-4571-4A11-9CB0-C07EE2704FD8}
	EndGlobalSection
EndGlobal
